
Microsoft Visual Studio Solution File, Format Version 12.00
# Visual Studio Version 17
VisualStudioVersion = 17.2.32616.157
MinimumVisualStudioVersion = 10.0.40219.1
Project("{FAE04EC0-301F-11D3-BF4B-00C04F79EFBC}") = "network log task", "network log task\network log task.csproj", "{C0FAE620-B991-46BB-92B9-CB1CD17EF819}"
EndProject
Global
	GlobalSection(SolutionConfigurationPlatforms) = preSolution
		Debug|Any CPU = Debug|Any CPU
		Release|Any CPU = Release|Any CPU
	EndGlobalSection
	GlobalSection(ProjectConfigurationPlatforms) = postSolution
		{C0FAE620-B991-46BB-92B9-CB1CD17EF819}.Debug|Any CPU.ActiveCfg = Debug|Any CPU
		{C0FAE620-B991-46BB-92B9-CB1CD17EF819}.Debug|Any CPU.Build.0 = Debug|Any CPU
		{C0FAE620-B991-46BB-92B9-CB1CD17EF819}.Release|Any CPU.ActiveCfg = Release|Any CPU
		{C0FAE620-B991-46BB-92B9-CB1CD17EF819}.Release|Any CPU.Build.0 = Release|Any CPU
	EndGlobalSection
	GlobalSection(SolutionProperties) = preSolution
		HideSolutionNode = FALSE
	EndGlobalSection
	GlobalSection(ExtensibilityGlobals) = postSolution
		SolutionGuid = {D1FA08F8-AA65-43FE-9122-5FF670E75C9F}
	EndGlobalSection
EndGlobal
