
Microsoft Visual Studio Solution File, Format Version 12.00
# Visual Studio Version 17
VisualStudioVersion = 17.2.32616.157
MinimumVisualStudioVersion = 10.0.40219.1
Project("{FAE04EC0-301F-11D3-BF4B-00C04F79EFBC}") = "training .net", "training .net\training .net.csproj", "{6673C024-B3DA-49F1-9C64-3ADF2BCB4099}"
EndProject
Global
	GlobalSection(SolutionConfigurationPlatforms) = preSolution
		Debug|Any CPU = Debug|Any CPU
		Release|Any CPU = Release|Any CPU
	EndGlobalSection
	GlobalSection(ProjectConfigurationPlatforms) = postSolution
		{6673C024-B3DA-49F1-9C64-3ADF2BCB4099}.Debug|Any CPU.ActiveCfg = Debug|Any CPU
		{6673C024-B3DA-49F1-9C64-3ADF2BCB4099}.Debug|Any CPU.Build.0 = Debug|Any CPU
		{6673C024-B3DA-49F1-9C64-3ADF2BCB4099}.Release|Any CPU.ActiveCfg = Release|Any CPU
		{6673C024-B3DA-49F1-9C64-3ADF2BCB4099}.Release|Any CPU.Build.0 = Release|Any CPU
	EndGlobalSection
	GlobalSection(SolutionProperties) = preSolution
		HideSolutionNode = FALSE
	EndGlobalSection
	GlobalSection(ExtensibilityGlobals) = postSolution
		SolutionGuid = {6E60DB70-2106-40E1-B65F-738A8FAA553E}
	EndGlobalSection
EndGlobal
